
Microsoft Visual Studio Solution File, Format Version 12.00
# Visual Studio Version 17
VisualStudioVersion = 17.4.33213.308
MinimumVisualStudioVersion = 10.0.40219.1
Project("{FAE04EC0-301F-11D3-BF4B-00C04F79EFBC}") = "Lab5b", "Lab5b\Lab5b.csproj", "{1E410117-014D-4E6E-AF49-9B3240DC16B6}"
EndProject
Global
	GlobalSection(SolutionConfigurationPlatforms) = preSolution
		Debug|Any CPU = Debug|Any CPU
		Release|Any CPU = Release|Any CPU
	EndGlobalSection
	GlobalSection(ProjectConfigurationPlatforms) = postSolution
		{1E410117-014D-4E6E-AF49-9B3240DC16B6}.Debug|Any CPU.ActiveCfg = Debug|Any CPU
		{1E410117-014D-4E6E-AF49-9B3240DC16B6}.Debug|Any CPU.Build.0 = Debug|Any CPU
		{1E410117-014D-4E6E-AF49-9B3240DC16B6}.Release|Any CPU.ActiveCfg = Release|Any CPU
		{1E410117-014D-4E6E-AF49-9B3240DC16B6}.Release|Any CPU.Build.0 = Release|Any CPU
	EndGlobalSection
	GlobalSection(SolutionProperties) = preSolution
		HideSolutionNode = FALSE
	EndGlobalSection
	GlobalSection(ExtensibilityGlobals) = postSolution
		SolutionGuid = {A4C981FD-572C-431F-961D-FAE90159908C}
	EndGlobalSection
EndGlobal
